
Microsoft Visual Studio Solution File, Format Version 12.00
# Visual Studio Version 17
VisualStudioVersion = 17.13.35913.81
MinimumVisualStudioVersion = 10.0.40219.1
Project("{FAE04EC0-301F-11D3-BF4B-00C04F79EFBC}") = "TSWebAPI", "TSWebAPI\TSWebAPI.csproj", "{94B597AC-6788-462B-B02E-FEC151B1FC21}"
EndProject
Project("{2150E333-8FDC-42A3-9474-1A3956D46DE8}") = "Solution Items", "Solution Items", "{8EC462FD-D22E-90A8-E5CE-7E832BA40C5D}"
	ProjectSection(SolutionItems) = preProject
		README.md = README.md
	EndProjectSection
EndProject
Project("{FAE04EC0-301F-11D3-BF4B-00C04F79EFBC}") = "TSIntegration.Test", "TSIntegration.Test\TSIntegration.Test.csproj", "{42F17E95-370C-4792-8C64-FE5D37A52427}"
EndProject
Global
	GlobalSection(SolutionConfigurationPlatforms) = preSolution
		Debug|Any CPU = Debug|Any CPU
		Release|Any CPU = Release|Any CPU
	EndGlobalSection
	GlobalSection(ProjectConfigurationPlatforms) = postSolution
		{94B597AC-6788-462B-B02E-FEC151B1FC21}.Debug|Any CPU.ActiveCfg = Debug|Any CPU
		{94B597AC-6788-462B-B02E-FEC151B1FC21}.Debug|Any CPU.Build.0 = Debug|Any CPU
		{94B597AC-6788-462B-B02E-FEC151B1FC21}.Release|Any CPU.ActiveCfg = Release|Any CPU
		{94B597AC-6788-462B-B02E-FEC151B1FC21}.Release|Any CPU.Build.0 = Release|Any CPU
		{42F17E95-370C-4792-8C64-FE5D37A52427}.Debug|Any CPU.ActiveCfg = Debug|Any CPU
		{42F17E95-370C-4792-8C64-FE5D37A52427}.Debug|Any CPU.Build.0 = Debug|Any CPU
		{42F17E95-370C-4792-8C64-FE5D37A52427}.Release|Any CPU.ActiveCfg = Release|Any CPU
		{42F17E95-370C-4792-8C64-FE5D37A52427}.Release|Any CPU.Build.0 = Release|Any CPU
	EndGlobalSection
	GlobalSection(SolutionProperties) = preSolution
		HideSolutionNode = FALSE
	EndGlobalSection
	GlobalSection(ExtensibilityGlobals) = postSolution
		SolutionGuid = {E87E727E-CC5A-4CC2-AC41-C1321F2408EF}
	EndGlobalSection
EndGlobal
